// !$*UTF8*$!
{
	archiveVersion = 1;
	classes = {
	};
	objectVersion = 77;
	objects = {

/* Begin PBXBuildFile section */
		8890A72E2F0171A200CBE651 /* SnapKit in Frameworks */ = {isa = PBXBuildFile; productRef = 8890A72D2F0171A200CBE651 /* SnapKit */; };
		8890A7352F01745100CBE651 /* FirebaseAnalytics in Frameworks */ = {isa = PBXBuildFile; productRef = 8890A7342F01745100CBE651 /* FirebaseAnalytics */; };
		8890A7372F01745100CBE651 /* FirebaseMessaging in Frameworks */ = {isa = PBXBuildFile; productRef = 8890A7362F01745100CBE651 /* FirebaseMessaging */; };
		8890A73D2F017C6B00CBE651 /* Config.xcconfig in Resources */ = {isa = PBXBuildFile; fileRef = 8890A73C2F017C6B00CBE651 /* Config.xcconfig */; };
/* End PBXBuildFile section */

/* Begin PBXContainerItemProxy section */
		8890A6E02F01631C00CBE651 /* PBXContainerItemProxy */ = {
			isa = PBXContainerItemProxy;
			containerPortal = 8890A6C12F01631B00CBE651 /* Project object */;
			proxyType = 1;
			remoteGlobalIDString = 8890A6C82F01631B00CBE651;
			remoteInfo = Meal;
		};
		8890A6EA2F01631C00CBE651 /* PBXContainerItemProxy */ = {
			isa = PBXContainerItemProxy;
			containerPortal = 8890A6C12F01631B00CBE651 /* Project object */;
			proxyType = 1;
			remoteGlobalIDString = 8890A6C82F01631B00CBE651;
			remoteInfo = Meal;
		};
/* End PBXContainerItemProxy section */

/* Begin PBXCopyFilesBuildPhase section */
		8890A7322F0171A200CBE651 /* Embed Frameworks */ = {
			isa = PBXCopyFilesBuildPhase;
			buildActionMask = 2147483647;
			dstPath = "";
			dstSubfolderSpec = 10;
			files = (
			);
			name = "Embed Frameworks";
			runOnlyForDeploymentPostprocessing = 0;
		};
/* End PBXCopyFilesBuildPhase section */

/* Begin PBXFileReference section */
		8890A6C92F01631B00CBE651 /* Meal.app */ = {isa = PBXFileReference; explicitFileType = wrapper.application; includeInIndex = 0; path = Meal.app; sourceTree = BUILT_PRODUCTS_DIR; };
		8890A6DF2F01631C00CBE651 /* MealTests.xctest */ = {isa = PBXFileReference; explicitFileType = wrapper.cfbundle; includeInIndex = 0; path = MealTests.xctest; sourceTree = BUILT_PRODUCTS_DIR; };
		8890A6E92F01631C00CBE651 /* MealUITests.xctest */ = {isa = PBXFileReference; explicitFileType = wrapper.cfbundle; includeInIndex = 0; path = MealUITests.xctest; sourceTree = BUILT_PRODUCTS_DIR; };
		8890A73C2F017C6B00CBE651 /* Config.xcconfig */ = {isa = PBXFileReference; lastKnownFileType = text.xcconfig; path = Config.xcconfig; sourceTree = "<group>"; };
/* End PBXFileReference section */

/* Begin PBXFileSystemSynchronizedBuildFileExceptionSet section */
		8890A6F12F01631C00CBE651 /* Exceptions for "Meal" folder in "Meal" target */ = {
			isa = PBXFileSystemSynchronizedBuildFileExceptionSet;
			membershipExceptions = (
				App/Info.plist,
			);
			target = 8890A6C82F01631B00CBE651 /* Meal */;
		};
/* End PBXFileSystemSynchronizedBuildFileExceptionSet section */

/* Begin PBXFileSystemSynchronizedGroupBuildPhaseMembershipExceptionSet section */
		8890A7292F016E6900CBE651 /* Exceptions for "Meal" folder in "Copy Bundle Resources" phase from "Meal" target */ = {
			isa = PBXFileSystemSynchronizedGroupBuildPhaseMembershipExceptionSet;
			buildPhase = 8890A6C72F01631B00CBE651 /* Resources */;
			membershipExceptions = (
				Presentation/Base/VC/SplashViewController.swift,
			);
		};
/* End PBXFileSystemSynchronizedGroupBuildPhaseMembershipExceptionSet section */

/* Begin PBXFileSystemSynchronizedRootGroup section */
		8890A6CB2F01631B00CBE651 /* Meal */ = {
			isa = PBXFileSystemSynchronizedRootGroup;
			exceptions = (
				8890A6F12F01631C00CBE651 /* Exceptions for "Meal" folder in "Meal" target */,
				8890A7292F016E6900CBE651 /* Exceptions for "Meal" folder in "Copy Bundle Resources" phase from "Meal" target */,
			);
			path = Meal;
			sourceTree = "<group>";
		};
		8890A6E22F01631C00CBE651 /* MealTests */ = {
			isa = PBXFileSystemSynchronizedRootGroup;
			path = MealTests;
			sourceTree = "<group>";
		};
		8890A6EC2F01631C00CBE651 /* MealUITests */ = {
			isa = PBXFileSystemSynchronizedRootGroup;
			path = MealUITests;
			sourceTree = "<group>";
		};
/* End PBXFileSystemSynchronizedRootGroup section */

/* Begin PBXFrameworksBuildPhase section */
		8890A6C62F01631B00CBE651 /* Frameworks */ = {
			isa = PBXFrameworksBuildPhase;
			buildActionMask = 2147483647;
			files = (
				8890A7372F01745100CBE651 /* FirebaseMessaging in Frameworks */,
				8890A7352F01745100CBE651 /* FirebaseAnalytics in Frameworks */,
				8890A72E2F0171A200CBE651 /* SnapKit in Frameworks */,
			);
			runOnlyForDeploymentPostprocessing = 0;
		};
		8890A6DC2F01631C00CBE651 /* Frameworks */ = {
			isa = PBXFrameworksBuildPhase;
			buildActionMask = 2147483647;
			files = (
			);
			runOnlyForDeploymentPostprocessing = 0;
		};
		8890A6E62F01631C00CBE651 /* Frameworks */ = {
			isa = PBXFrameworksBuildPhase;
			buildActionMask = 2147483647;
			files = (
			);
			runOnlyForDeploymentPostprocessing = 0;
		};
/* End PBXFrameworksBuildPhase section */

/* Begin PBXGroup section */
		8890A6C02F01631B00CBE651 = {
			isa = PBXGroup;
			children = (
				8890A73C2F017C6B00CBE651 /* Config.xcconfig */,
				8890A6CB2F01631B00CBE651 /* Meal */,
				8890A6E22F01631C00CBE651 /* MealTests */,
				8890A6EC2F01631C00CBE651 /* MealUITests */,
				8890A72C2F0171A200CBE651 /* Frameworks */,
				8890A6CA2F01631B00CBE651 /* Products */,
			);
			sourceTree = "<group>";
		};
		8890A6CA2F01631B00CBE651 /* Products */ = {
			isa = PBXGroup;
			children = (
				8890A6C92F01631B00CBE651 /* Meal.app */,
				8890A6DF2F01631C00CBE651 /* MealTests.xctest */,
				8890A6E92F01631C00CBE651 /* MealUITests.xctest */,
			);
			name = Products;
			sourceTree = "<group>";
		};
		8890A72C2F0171A200CBE651 /* Frameworks */ = {
			isa = PBXGroup;
			children = (
			);
			name = Frameworks;
			sourceTree = "<group>";
		};
/* End PBXGroup section */

/* Begin PBXNativeTarget section */
		8890A6C82F01631B00CBE651 /* Meal */ = {
			isa = PBXNativeTarget;
			buildConfigurationList = 8890A6F22F01631C00CBE651 /* Build configuration list for PBXNativeTarget "Meal" */;
			buildPhases = (
				8890A6C52F01631B00CBE651 /* Sources */,
				8890A6C62F01631B00CBE651 /* Frameworks */,
				8890A6C72F01631B00CBE651 /* Resources */,
				8890A7322F0171A200CBE651 /* Embed Frameworks */,
			);
			buildRules = (
			);
			dependencies = (
			);
			fileSystemSynchronizedGroups = (
				8890A6CB2F01631B00CBE651 /* Meal */,
			);
			name = Meal;
			packageProductDependencies = (
				8890A72D2F0171A200CBE651 /* SnapKit */,
				8890A7342F01745100CBE651 /* FirebaseAnalytics */,
				8890A7362F01745100CBE651 /* FirebaseMessaging */,
			);
			productName = Meal;
			productReference = 8890A6C92F01631B00CBE651 /* Meal.app */;
			productType = "com.apple.product-type.application";
		};
		8890A6DE2F01631C00CBE651 /* MealTests */ = {
			isa = PBXNativeTarget;
			buildConfigurationList = 8890A6F72F01631C00CBE651 /* Build configuration list for PBXNativeTarget "MealTests" */;
			buildPhases = (
				8890A6DB2F01631C00CBE651 /* Sources */,
				8890A6DC2F01631C00CBE651 /* Frameworks */,
				8890A6DD2F01631C00CBE651 /* Resources */,
			);
			buildRules = (
			);
			dependencies = (
				8890A6E12F01631C00CBE651 /* PBXTargetDependency */,
			);
			fileSystemSynchronizedGroups = (
				8890A6E22F01631C00CBE651 /* MealTests */,
			);
			name = MealTests;
			packageProductDependencies = (
			);
			productName = MealTests;
			productReference = 8890A6DF2F01631C00CBE651 /* MealTests.xctest */;
			productType = "com.apple.product-type.bundle.unit-test";
		};
		8890A6E82F01631C00CBE651 /* MealUITests */ = {
			isa = PBXNativeTarget;
			buildConfigurationList = 8890A6FA2F01631C00CBE651 /* Build configuration list for PBXNativeTarget "MealUITests" */;
			buildPhases = (
				8890A6E52F01631C00CBE651 /* Sources */,
				8890A6E62F01631C00CBE651 /* Frameworks */,
				8890A6E72F01631C00CBE651 /* Resources */,
			);
			buildRules = (
			);
			dependencies = (
				8890A6EB2F01631C00CBE651 /* PBXTargetDependency */,
			);
			fileSystemSynchronizedGroups = (
				8890A6EC2F01631C00CBE651 /* MealUITests */,
			);
			name = MealUITests;
			packageProductDependencies = (
			);
			productName = MealUITests;
			productReference = 8890A6E92F01631C00CBE651 /* MealUITests.xctest */;
			productType = "com.apple.product-type.bundle.ui-testing";
		};
/* End PBXNativeTarget section */

/* Begin PBXProject section */
		8890A6C12F01631B00CBE651 /* Project object */ = {
			isa = PBXProject;
			attributes = {
				BuildIndependentTargetsInParallel = 1;
				LastSwiftUpdateCheck = 2610;
				LastUpgradeCheck = 2610;
				TargetAttributes = {
					8890A6C82F01631B00CBE651 = {
						CreatedOnToolsVersion = 26.1;
					};
					8890A6DE2F01631C00CBE651 = {
						CreatedOnToolsVersion = 26.1;
						TestTargetID = 8890A6C82F01631B00CBE651;
					};
					8890A6E82F01631C00CBE651 = {
						CreatedOnToolsVersion = 26.1;
						TestTargetID = 8890A6C82F01631B00CBE651;
					};
				};
			};
			buildConfigurationList = 8890A6C42F01631B00CBE651 /* Build configuration list for PBXProject "Meal" */;
			developmentRegion = en;
			hasScannedForEncodings = 0;
			knownRegions = (
				en,
				Base,
			);
			mainGroup = 8890A6C02F01631B00CBE651;
			minimizedProjectReferenceProxies = 1;
			packageReferences = (
				8890A72A2F01704000CBE651 /* XCRemoteSwiftPackageReference "SnapKit" */,
				8890A7332F01745100CBE651 /* XCRemoteSwiftPackageReference "firebase-ios-sdk" */,
			);
			preferredProjectObjectVersion = 77;
			productRefGroup = 8890A6CA2F01631B00CBE651 /* Products */;
			projectDirPath = "";
			projectRoot = "";
			targets = (
				8890A6C82F01631B00CBE651 /* Meal */,
				8890A6DE2F01631C00CBE651 /* MealTests */,
				8890A6E82F01631C00CBE651 /* MealUITests */,
			);
		};
/* End PBXProject section */

/* Begin PBXResourcesBuildPhase section */
		8890A6C72F01631B00CBE651 /* Resources */ = {
			isa = PBXResourcesBuildPhase;
			buildActionMask = 2147483647;
			files = (
				8890A73D2F017C6B00CBE651 /* Config.xcconfig in Resources */,
			);
			runOnlyForDeploymentPostprocessing = 0;
		};
		8890A6DD2F01631C00CBE651 /* Resources */ = {
			isa = PBXResourcesBuildPhase;
			buildActionMask = 2147483647;
			files = (
			);
			runOnlyForDeploymentPostprocessing = 0;
		};
		8890A6E72F01631C00CBE651 /* Resources */ = {
			isa = PBXResourcesBuildPhase;
			buildActionMask = 2147483647;
			files = (
			);
			runOnlyForDeploymentPostprocessing = 0;
		};
/* End PBXResourcesBuildPhase section */

/* Begin PBXSourcesBuildPhase section */
		8890A6C52F01631B00CBE651 /* Sources */ = {
			isa = PBXSourcesBuildPhase;
			buildActionMask = 2147483647;
			files = (
			);
			runOnlyForDeploymentPostprocessing = 0;
		};
		8890A6DB2F01631C00CBE651 /* Sources */ = {
			isa = PBXSourcesBuildPhase;
			buildActionMask = 2147483647;
			files = (
			);
			runOnlyForDeploymentPostprocessing = 0;
		};
		8890A6E52F01631C00CBE651 /* Sources */ = {
			isa = PBXSourcesBuildPhase;
			buildActionMask = 2147483647;
			files = (
			);
			runOnlyForDeploymentPostprocessing = 0;
		};
/* End PBXSourcesBuildPhase section */

/* Begin PBXTargetDependency section */
		8890A6E12F01631C00CBE651 /* PBXTargetDependency */ = {
			isa = PBXTargetDependency;
			target = 8890A6C82F01631B00CBE651 /* Meal */;
			targetProxy = 8890A6E02F01631C00CBE651 /* PBXContainerItemProxy */;
		};
		8890A6EB2F01631C00CBE651 /* PBXTargetDependency */ = {
			isa = PBXTargetDependency;
			target = 8890A6C82F01631B00CBE651 /* Meal */;
			targetProxy = 8890A6EA2F01631C00CBE651 /* PBXContainerItemProxy */;
		};
/* End PBXTargetDependency section */

/* Begin XCBuildConfiguration section */
		8890A6F32F01631C00CBE651 /* Debug */ = {
			isa = XCBuildConfiguration;
			baseConfigurationReference = 8890A73C2F017C6B00CBE651 /* Config.xcconfig */;
			buildSettings = {
				ASSETCATALOG_COMPILER_APPICON_NAME = AppIcon;
				ASSETCATALOG_COMPILER_GLOBAL_ACCENT_COLOR_NAME = AccentColor;
				CODE_SIGN_STYLE = Automatic;
				CURRENT_PROJECT_VERSION = 1;
				DEVELOPMENT_TEAM = PFA6GH65L3;
				GENERATE_INFOPLIST_FILE = YES;
				INFOPLIST_FILE = Meal/App/Info.plist;
				INFOPLIST_KEY_CFBundleDisplayName = "제2기숙사 학식";
				INFOPLIST_KEY_LSApplicationCategoryType = "public.app-category.food-and-drink";
				INFOPLIST_KEY_UIApplicationSupportsIndirectInputEvents = YES;
				INFOPLIST_KEY_UILaunchStoryboardName = LaunchScreen;
				INFOPLIST_KEY_UIMainStoryboardFile = Main;
				INFOPLIST_KEY_UISupportedInterfaceOrientations_iPad = "UIInterfaceOrientationPortrait UIInterfaceOrientationPortraitUpsideDown UIInterfaceOrientationLandscapeLeft UIInterfaceOrientationLandscapeRight";
				INFOPLIST_KEY_UISupportedInterfaceOrientations_iPhone = "UIInterfaceOrientationPortrait UIInterfaceOrientationLandscapeLeft UIInterfaceOrientationLandscapeRight";
				LD_RUNPATH_SEARCH_PATHS = (
					"$(inherited)",
					"@executable_path/Frameworks",
				);
				MARKETING_VERSION = 6.0;
				PRODUCT_BUNDLE_IDENTIFIER = choieunseok.dorm2khu.Meal;
				PRODUCT_NAME = "$(TARGET_NAME)";
				STRING_CATALOG_GENERATE_SYMBOLS = YES;
				SWIFT_APPROACHABLE_CONCURRENCY = YES;
				SWIFT_DEFAULT_ACTOR_ISOLATION = MainActor;
				SWIFT_EMIT_LOC_STRINGS = YES;
				SWIFT_UPCOMING_FEATURE_MEMBER_IMPORT_VISIBILITY = YES;
				SWIFT_VERSION = 5.0;
				TARGETED_DEVICE_FAMILY = "1,2";
			};
			name = Debug;
		};
		8890A6F42F01631C00CBE651 /* Release */ = {
			isa = XCBuildConfiguration;
			baseConfigurationReference = 8890A73C2F017C6B00CBE651 /* Config.xcconfig */;
			buildSettings = {
				ASSETCATALOG_COMPILER_APPICON_NAME = AppIcon;
				ASSETCATALOG_COMPILER_GLOBAL_ACCENT_COLOR_NAME = AccentColor;
				CODE_SIGN_STYLE = Automatic;
				CURRENT_PROJECT_VERSION = 1;
				DEVELOPMENT_TEAM = PFA6GH65L3;
				GENERATE_INFOPLIST_FILE = YES;
				INFOPLIST_FILE = Meal/App/Info.plist;
				INFOPLIST_KEY_CFBundleDisplayName = "제2기숙사 학식";
				INFOPLIST_KEY_LSApplicationCategoryType = "public.app-category.food-and-drink";
				INFOPLIST_KEY_UIApplicationSupportsIndirectInputEvents = YES;
				INFOPLIST_KEY_UILaunchStoryboardName = LaunchScreen;
				INFOPLIST_KEY_UIMainStoryboardFile = Main;
				INFOPLIST_KEY_UISupportedInterfaceOrientations_iPad = "UIInterfaceOrientationPortrait UIInterfaceOrientationPortraitUpsideDown UIInterfaceOrientationLandscapeLeft UIInterfaceOrientationLandscapeRight";
				INFOPLIST_KEY_UISupportedInterfaceOrientations_iPhone = "UIInterfaceOrientationPortrait UIInterfaceOrientationLandscapeLeft UIInterfaceOrientationLandscapeRight";
				LD_RUNPATH_SEARCH_PATHS = (
					"$(inherited)",
					"@executable_path/Frameworks",
				);
				MARKETING_VERSION = 6.0;
				PRODUCT_BUNDLE_IDENTIFIER = choieunseok.dorm2khu.Meal;
				PRODUCT_NAME = "$(TARGET_NAME)";
				STRING_CATALOG_GENERATE_SYMBOLS = YES;
				SWIFT_APPROACHABLE_CONCURRENCY = YES;
				SWIFT_DEFAULT_ACTOR_ISOLATION = MainActor;
				SWIFT_EMIT_LOC_STRINGS = YES;
				SWIFT_UPCOMING_FEATURE_MEMBER_IMPORT_VISIBILITY = YES;
				SWIFT_VERSION = 5.0;
				TARGETED_DEVICE_FAMILY = "1,2";
			};
			name = Release;
		};
		8890A6F52F01631C00CBE651 /* Debug */ = {
			isa = XCBuildConfiguration;
			baseConfigurationReference = 8890A73C2F017C6B00CBE651 /* Config.xcconfig */;
			buildSettings = {
				ALWAYS_SEARCH_USER_PATHS = NO;
				ASSETCATALOG_COMPILER_GENERATE_SWIFT_ASSET_SYMBOL_EXTENSIONS = YES;
				CLANG_ANALYZER_NONNULL = YES;
				CLANG_ANALYZER_NUMBER_OBJECT_CONVERSION = YES_AGGRESSIVE;
				CLANG_CXX_LANGUAGE_STANDARD = "gnu++20";
				CLANG_ENABLE_MODULES = YES;
				CLANG_ENABLE_OBJC_ARC = YES;
				CLANG_ENABLE_OBJC_WEAK = YES;
				CLANG_WARN_BLOCK_CAPTURE_AUTORELEASING = YES;
				CLANG_WARN_BOOL_CONVERSION = YES;
				CLANG_WARN_COMMA = YES;
				CLANG_WARN_CONSTANT_CONVERSION = YES;
				CLANG_WARN_DEPRECATED_OBJC_IMPLEMENTATIONS = YES;
				CLANG_WARN_DIRECT_OBJC_ISA_USAGE = YES_ERROR;
				CLANG_WARN_DOCUMENTATION_COMMENTS = YES;
				CLANG_WARN_EMPTY_BODY = YES;
				CLANG_WARN_ENUM_CONVERSION = YES;
				CLANG_WARN_INFINITE_RECURSION = YES;
				CLANG_WARN_INT_CONVERSION = YES;
				CLANG_WARN_NON_LITERAL_NULL_CONVERSION = YES;
				CLANG_WARN_OBJC_IMPLICIT_RETAIN_SELF = YES;
				CLANG_WARN_OBJC_LITERAL_CONVERSION = YES;
				CLANG_WARN_OBJC_ROOT_CLASS = YES_ERROR;
				CLANG_WARN_QUOTED_INCLUDE_IN_FRAMEWORK_HEADER = YES;
				CLANG_WARN_RANGE_LOOP_ANALYSIS = YES;
				CLANG_WARN_STRICT_PROTOTYPES = YES;
				CLANG_WARN_SUSPICIOUS_MOVE = YES;
				CLANG_WARN_UNGUARDED_AVAILABILITY = YES_AGGRESSIVE;
				CLANG_WARN_UNREACHABLE_CODE = YES;
				CLANG_WARN__DUPLICATE_METHOD_MATCH = YES;
				COPY_PHASE_STRIP = NO;
				DEBUG_INFORMATION_FORMAT = dwarf;
				DEVELOPMENT_TEAM = PFA6GH65L3;
				EMIT_FRONTEND_COMMAND_LINES = YES;
				ENABLE_STRICT_OBJC_MSGSEND = YES;
				ENABLE_TESTABILITY = YES;
				ENABLE_USER_SCRIPT_SANDBOXING = YES;
				GCC_C_LANGUAGE_STANDARD = gnu17;
				GCC_DYNAMIC_NO_PIC = NO;
				GCC_NO_COMMON_BLOCKS = YES;
				GCC_OPTIMIZATION_LEVEL = 0;
				GCC_PREPROCESSOR_DEFINITIONS = (
					"DEBUG=1",
					"$(inherited)",
				);
				GCC_WARN_64_TO_32_BIT_CONVERSION = YES;
				GCC_WARN_ABOUT_RETURN_TYPE = YES_ERROR;
				GCC_WARN_UNDECLARED_SELECTOR = YES;
				GCC_WARN_UNINITIALIZED_AUTOS = YES_AGGRESSIVE;
				GCC_WARN_UNUSED_FUNCTION = YES;
				GCC_WARN_UNUSED_VARIABLE = YES;
				IPHONEOS_DEPLOYMENT_TARGET = 26.1;
				LOCALIZATION_PREFERS_STRING_CATALOGS = YES;
				MTL_ENABLE_DEBUG_INFO = INCLUDE_SOURCE;
				MTL_FAST_MATH = YES;
				ONLY_ACTIVE_ARCH = YES;
				OTHER_LDFLAGS = (
					"-Xlinker",
					"-interposable",
				);
				SDKROOT = iphoneos;
				SWIFT_ACTIVE_COMPILATION_CONDITIONS = "DEBUG $(inherited)";
				SWIFT_OPTIMIZATION_LEVEL = "-Onone";
			};
			name = Debug;
		};
		8890A6F62F01631C00CBE651 /* Release */ = {
			isa = XCBuildConfiguration;
			baseConfigurationReference = 8890A73C2F017C6B00CBE651 /* Config.xcconfig */;
			buildSettings = {
				ALWAYS_SEARCH_USER_PATHS = NO;
				ASSETCATALOG_COMPILER_GENERATE_SWIFT_ASSET_SYMBOL_EXTENSIONS = YES;
				CLANG_ANALYZER_NONNULL = YES;
				CLANG_ANALYZER_NUMBER_OBJECT_CONVERSION = YES_AGGRESSIVE;
				CLANG_CXX_LANGUAGE_STANDARD = "gnu++20";
				CLANG_ENABLE_MODULES = YES;
				CLANG_ENABLE_OBJC_ARC = YES;
				CLANG_ENABLE_OBJC_WEAK = YES;
				CLANG_WARN_BLOCK_CAPTURE_AUTORELEASING = YES;
				CLANG_WARN_BOOL_CONVERSION = YES;
				CLANG_WARN_COMMA = YES;
				CLANG_WARN_CONSTANT_CONVERSION = YES;
				CLANG_WARN_DEPRECATED_OBJC_IMPLEMENTATIONS = YES;
				CLANG_WARN_DIRECT_OBJC_ISA_USAGE = YES_ERROR;
				CLANG_WARN_DOCUMENTATION_COMMENTS = YES;
				CLANG_WARN_EMPTY_BODY = YES;
				CLANG_WARN_ENUM_CONVERSION = YES;
				CLANG_WARN_INFINITE_RECURSION = YES;
				CLANG_WARN_INT_CONVERSION = YES;
				CLANG_WARN_NON_LITERAL_NULL_CONVERSION = YES;
				CLANG_WARN_OBJC_IMPLICIT_RETAIN_SELF = YES;
				CLANG_WARN_OBJC_LITERAL_CONVERSION = YES;
				CLANG_WARN_OBJC_ROOT_CLASS = YES_ERROR;
				CLANG_WARN_QUOTED_INCLUDE_IN_FRAMEWORK_HEADER = YES;
				CLANG_WARN_RANGE_LOOP_ANALYSIS = YES;
				CLANG_WARN_STRICT_PROTOTYPES = YES;
				CLANG_WARN_SUSPICIOUS_MOVE = YES;
				CLANG_WARN_UNGUARDED_AVAILABILITY = YES_AGGRESSIVE;
				CLANG_WARN_UNREACHABLE_CODE = YES;
				CLANG_WARN__DUPLICATE_METHOD_MATCH = YES;
				COPY_PHASE_STRIP = NO;
				DEBUG_INFORMATION_FORMAT = "dwarf-with-dsym";
				DEVELOPMENT_TEAM = PFA6GH65L3;
				EMIT_FRONTEND_COMMAND_LINES = YES;
				ENABLE_NS_ASSERTIONS = NO;
				ENABLE_STRICT_OBJC_MSGSEND = YES;
				ENABLE_USER_SCRIPT_SANDBOXING = YES;
				GCC_C_LANGUAGE_STANDARD = gnu17;
				GCC_NO_COMMON_BLOCKS = YES;
				GCC_WARN_64_TO_32_BIT_CONVERSION = YES;
				GCC_WARN_ABOUT_RETURN_TYPE = YES_ERROR;
				GCC_WARN_UNDECLARED_SELECTOR = YES;
				GCC_WARN_UNINITIALIZED_AUTOS = YES_AGGRESSIVE;
				GCC_WARN_UNUSED_FUNCTION = YES;
				GCC_WARN_UNUSED_VARIABLE = YES;
				IPHONEOS_DEPLOYMENT_TARGET = 26.1;
				LOCALIZATION_PREFERS_STRING_CATALOGS = YES;
				MTL_ENABLE_DEBUG_INFO = NO;
				MTL_FAST_MATH = YES;
				SDKROOT = iphoneos;
				SWIFT_COMPILATION_MODE = wholemodule;
				VALIDATE_PRODUCT = YES;
			};
			name = Release;
		};
		8890A6F82F01631C00CBE651 /* Debug */ = {
			isa = XCBuildConfiguration;
			buildSettings = {
				BUNDLE_LOADER = "$(TEST_HOST)";
				CODE_SIGN_STYLE = Automatic;
				CURRENT_PROJECT_VERSION = 1;
				DEVELOPMENT_TEAM = PFA6GH65L3;
				GENERATE_INFOPLIST_FILE = YES;
				IPHONEOS_DEPLOYMENT_TARGET = 26.1;
				MARKETING_VERSION = 1.0;
				PRODUCT_BUNDLE_IDENTIFIER = choieunseok.dorm2khu.MealTests;
				PRODUCT_NAME = "$(TARGET_NAME)";
				STRING_CATALOG_GENERATE_SYMBOLS = NO;
				SWIFT_APPROACHABLE_CONCURRENCY = YES;
				SWIFT_EMIT_LOC_STRINGS = NO;
				SWIFT_UPCOMING_FEATURE_MEMBER_IMPORT_VISIBILITY = YES;
				SWIFT_VERSION = 5.0;
				TARGETED_DEVICE_FAMILY = "1,2";
				TEST_HOST = "$(BUILT_PRODUCTS_DIR)/Meal.app/$(BUNDLE_EXECUTABLE_FOLDER_PATH)/Meal";
			};
			name = Debug;
		};
		8890A6F92F01631C00CBE651 /* Release */ = {
			isa = XCBuildConfiguration;
			buildSettings = {
				BUNDLE_LOADER = "$(TEST_HOST)";
				CODE_SIGN_STYLE = Automatic;
				CURRENT_PROJECT_VERSION = 1;
				DEVELOPMENT_TEAM = PFA6GH65L3;
				GENERATE_INFOPLIST_FILE = YES;
				IPHONEOS_DEPLOYMENT_TARGET = 26.1;
				MARKETING_VERSION = 1.0;
				PRODUCT_BUNDLE_IDENTIFIER = choieunseok.dorm2khu.MealTests;
				PRODUCT_NAME = "$(TARGET_NAME)";
				STRING_CATALOG_GENERATE_SYMBOLS = NO;
				SWIFT_APPROACHABLE_CONCURRENCY = YES;
				SWIFT_EMIT_LOC_STRINGS = NO;
				SWIFT_UPCOMING_FEATURE_MEMBER_IMPORT_VISIBILITY = YES;
				SWIFT_VERSION = 5.0;
				TARGETED_DEVICE_FAMILY = "1,2";
				TEST_HOST = "$(BUILT_PRODUCTS_DIR)/Meal.app/$(BUNDLE_EXECUTABLE_FOLDER_PATH)/Meal";
			};
			name = Release;
		};
		8890A6FB2F01631C00CBE651 /* Debug */ = {
			isa = XCBuildConfiguration;
			buildSettings = {
				CODE_SIGN_STYLE = Automatic;
				CURRENT_PROJECT_VERSION = 1;
				DEVELOPMENT_TEAM = PFA6GH65L3;
				GENERATE_INFOPLIST_FILE = YES;
				MARKETING_VERSION = 1.0;
				PRODUCT_BUNDLE_IDENTIFIER = choieunseok.dorm2khu.MealUITests;
				PRODUCT_NAME = "$(TARGET_NAME)";
				STRING_CATALOG_GENERATE_SYMBOLS = NO;
				SWIFT_APPROACHABLE_CONCURRENCY = YES;
				SWIFT_EMIT_LOC_STRINGS = NO;
				SWIFT_UPCOMING_FEATURE_MEMBER_IMPORT_VISIBILITY = YES;
				SWIFT_VERSION = 5.0;
				TARGETED_DEVICE_FAMILY = "1,2";
				TEST_TARGET_NAME = Meal;
			};
			name = Debug;
		};
		8890A6FC2F01631C00CBE651 /* Release */ = {
			isa = XCBuildConfiguration;
			buildSettings = {
				CODE_SIGN_STYLE = Automatic;
				CURRENT_PROJECT_VERSION = 1;
				DEVELOPMENT_TEAM = PFA6GH65L3;
				GENERATE_INFOPLIST_FILE = YES;
				MARKETING_VERSION = 1.0;
				PRODUCT_BUNDLE_IDENTIFIER = choieunseok.dorm2khu.MealUITests;
				PRODUCT_NAME = "$(TARGET_NAME)";
				STRING_CATALOG_GENERATE_SYMBOLS = NO;
				SWIFT_APPROACHABLE_CONCURRENCY = YES;
				SWIFT_EMIT_LOC_STRINGS = NO;
				SWIFT_UPCOMING_FEATURE_MEMBER_IMPORT_VISIBILITY = YES;
				SWIFT_VERSION = 5.0;
				TARGETED_DEVICE_FAMILY = "1,2";
				TEST_TARGET_NAME = Meal;
			};
			name = Release;
		};
/* End XCBuildConfiguration section */

/* Begin XCConfigurationList section */
		8890A6C42F01631B00CBE651 /* Build configuration list for PBXProject "Meal" */ = {
			isa = XCConfigurationList;
			buildConfigurations = (
				8890A6F52F01631C00CBE651 /* Debug */,
				8890A6F62F01631C00CBE651 /* Release */,
			);
			defaultConfigurationIsVisible = 0;
			defaultConfigurationName = Release;
		};
		8890A6F22F01631C00CBE651 /* Build configuration list for PBXNativeTarget "Meal" */ = {
			isa = XCConfigurationList;
			buildConfigurations = (
				8890A6F32F01631C00CBE651 /* Debug */,
				8890A6F42F01631C00CBE651 /* Release */,
			);
			defaultConfigurationIsVisible = 0;
			defaultConfigurationName = Release;
		};
		8890A6F72F01631C00CBE651 /* Build configuration list for PBXNativeTarget "MealTests" */ = {
			isa = XCConfigurationList;
			buildConfigurations = (
				8890A6F82F01631C00CBE651 /* Debug */,
				8890A6F92F01631C00CBE651 /* Release */,
			);
			defaultConfigurationIsVisible = 0;
			defaultConfigurationName = Release;
		};
		8890A6FA2F01631C00CBE651 /* Build configuration list for PBXNativeTarget "MealUITests" */ = {
			isa = XCConfigurationList;
			buildConfigurations = (
				8890A6FB2F01631C00CBE651 /* Debug */,
				8890A6FC2F01631C00CBE651 /* Release */,
			);
			defaultConfigurationIsVisible = 0;
			defaultConfigurationName = Release;
		};
/* End XCConfigurationList section */

/* Begin XCRemoteSwiftPackageReference section */
		8890A72A2F01704000CBE651 /* XCRemoteSwiftPackageReference "SnapKit" */ = {
			isa = XCRemoteSwiftPackageReference;
			repositoryURL = "https://github.com/SnapKit/SnapKit.git";
			requirement = {
				kind = upToNextMajorVersion;
				minimumVersion = 5.7.1;
			};
		};
		8890A7332F01745100CBE651 /* XCRemoteSwiftPackageReference "firebase-ios-sdk" */ = {
			isa = XCRemoteSwiftPackageReference;
			repositoryURL = "https://github.com/firebase/firebase-ios-sdk.git";
			requirement = {
				kind = upToNextMajorVersion;
				minimumVersion = 12.7.0;
			};
		};
/* End XCRemoteSwiftPackageReference section */

/* Begin XCSwiftPackageProductDependency section */
		8890A72D2F0171A200CBE651 /* SnapKit */ = {
			isa = XCSwiftPackageProductDependency;
			package = 8890A72A2F01704000CBE651 /* XCRemoteSwiftPackageReference "SnapKit" */;
			productName = SnapKit;
		};
		8890A7342F01745100CBE651 /* FirebaseAnalytics */ = {
			isa = XCSwiftPackageProductDependency;
			package = 8890A7332F01745100CBE651 /* XCRemoteSwiftPackageReference "firebase-ios-sdk" */;
			productName = FirebaseAnalytics;
		};
		8890A7362F01745100CBE651 /* FirebaseMessaging */ = {
			isa = XCSwiftPackageProductDependency;
			package = 8890A7332F01745100CBE651 /* XCRemoteSwiftPackageReference "firebase-ios-sdk" */;
			productName = FirebaseMessaging;
		};
/* End XCSwiftPackageProductDependency section */
	};
	rootObject = 8890A6C12F01631B00CBE651 /* Project object */;
}
